{
  "name": "jquery.htmlUpdate",
  "version": "1.0.0",
  "lockfileVersion": 1,
  "requires": true,
  "dependencies": {
    "morphdom": {
      "version": "2.3.3",
      "resolved": "https://registry.npmjs.org/morphdom/-/morphdom-2.3.3.tgz",
      "integrity": "sha512-z+/GEulEfhrSFPOJSum8o5lZNv63cAGBPeFHO2WgpGo636Ln67ZuVydp2q0iTaZIXdf5FDNP2ZY6uhtg+LjlsA=="
    },
    "mustache": {
      "version": "2.3.2",
      "resolved": "https://registry.npmjs.org/mustache/-/mustache-2.3.2.tgz",
      "integrity": "sha512-KpMNwdQsYz3O/SBS1qJ/o3sqUJ5wSb8gb0pul8CO0S56b9Y2ALm8zCfsjPXsqGFfoNBkDwZuZIAjhsZI03gYVQ=="
    },
    "utils-deep-get": {
      "version": "1.0.0",
      "resolved": "https://registry.npmjs.org/utils-deep-get/-/utils-deep-get-1.0.0.tgz",
      "integrity": "sha1-SEBKd/om+E5pbkhaY4nCvs3woMk=",
      "requires": {
        "validate.io-array": "1.0.6",
        "validate.io-object": "1.0.4",
        "validate.io-string-primitive": "1.0.1"
      }
    },
    "utils-deep-set": {
      "version": "1.0.1",
      "resolved": "https://registry.npmjs.org/utils-deep-set/-/utils-deep-set-1.0.1.tgz",
      "integrity": "sha1-Zmr5PM0dIhw/yv3yFRoi7gvLBv4=",
      "requires": {
        "validate.io-array": "1.0.6",
        "validate.io-boolean-primitive": "1.0.0",
        "validate.io-object": "1.0.4",
        "validate.io-string-primitive": "1.0.1"
      }
    },
    "validate.io-array": {
      "version": "1.0.6",
      "resolved": "https://registry.npmjs.org/validate.io-array/-/validate.io-array-1.0.6.tgz",
      "integrity": "sha1-W1osr9j4uFq7L4hroVPy2Tond00="
    },
    "validate.io-boolean-primitive": {
      "version": "1.0.0",
      "resolved": "https://registry.npmjs.org/validate.io-boolean-primitive/-/validate.io-boolean-primitive-1.0.0.tgz",
      "integrity": "sha1-uxTJy4aDw8nz0TKalad2jj7inrU="
    },
    "validate.io-object": {
      "version": "1.0.4",
      "resolved": "https://registry.npmjs.org/validate.io-object/-/validate.io-object-1.0.4.tgz",
      "integrity": "sha1-3KAezu45DhENvCr4Q8gfe/M6Qas=",
      "requires": {
        "validate.io-array": "1.0.6"
      }
    },
    "validate.io-string-primitive": {
      "version": "1.0.1",
      "resolved": "https://registry.npmjs.org/validate.io-string-primitive/-/validate.io-string-primitive-1.0.1.tgz",
      "integrity": "sha1-uBNbn7E3K94C/dU60dDM1t55j+4="
    }
  }
}
